lockfileVersion: '6.0'

settings:
  autoInstallPeers: true
  excludeLinksFromLockfile: false

dependencies:
  firebase:
    specifier: ^11.10.0
    version: 11.10.0
  unikey:
    specifier: ^1.0.0
    version: 1.0.0

devDependencies:
  rimraf:
    specifier: ^5.0.5
    version: 5.0.5
  typescript:
    specifier: ^5.3.3
    version: 5.3.3

packages:

  /@firebase/ai@1.4.1(@firebase/app-types@0.9.3)(@firebase/app@0.13.2):
    resolution: {integrity: sha512-bcusQfA/tHjUjBTnMx6jdoPMpDl3r8K15Z+snHz9wq0Foox0F/V+kNLXucEOHoTL2hTc9l+onZCyBJs2QoIC3g==}
    engines: {node: '>=18.0.0'}
    peerDependencies:
      '@firebase/app': 0.x
      '@firebase/app-types': 0.x
    dependencies:
      '@firebase/app': 0.13.2
      '@firebase/app-check-interop-types': 0.3.3
      '@firebase/app-types': 0.9.3
      '@firebase/component': 0.6.18
      '@firebase/logger': 0.4.4
      '@firebase/util': 1.12.1
      tslib: 2.6.2
    dev: false

  /@firebase/analytics-compat@0.2.23(@firebase/app-compat@0.4.2)(@firebase/app@0.13.2):
    resolution: {integrity: sha512-3AdO10RN18G5AzREPoFgYhW6vWXr3u+OYQv6pl3CX6Fky8QRk0AHurZlY3Q1xkXO0TDxIsdhO3y65HF7PBOJDw==}
    peerDependencies:
      '@firebase/app-compat': 0.x
    dependencies:
      '@firebase/analytics': 0.10.17(@firebase/app@0.13.2)
      '@firebase/analytics-types': 0.8.3
      '@firebase/app-compat': 0.4.2
      '@firebase/component': 0.6.18
      '@firebase/util': 1.12.1
      tslib: 2.6.2
    transitivePeerDependencies:
      - '@firebase/app'
    dev: false

  /@firebase/analytics-types@0.8.3:
    resolution: {integrity: sha512-VrIp/d8iq2g501qO46uGz3hjbDb8xzYMrbu8Tp0ovzIzrvJZ2fvmj649gTjge/b7cCCcjT0H37g1gVtlNhnkbg==}
    dev: false

  /@firebase/analytics@0.10.17(@firebase/app@0.13.2):
    resolution: {integrity: sha512-n5vfBbvzduMou/2cqsnKrIes4auaBjdhg8QNA2ZQZ59QgtO2QiwBaXQZQE4O4sgB0Ds1tvLgUUkY+pwzu6/xEg==}
    peerDependencies:
      '@firebase/app': 0.x
    dependencies:
      '@firebase/app': 0.13.2
      '@firebase/component': 0.6.18
      '@firebase/installations': 0.6.18(@firebase/app@0.13.2)
      '@firebase/logger': 0.4.4
      '@firebase/util': 1.12.1
      tslib: 2.6.2
    dev: false

  /@firebase/app-check-compat@0.3.26(@firebase/app-compat@0.4.2)(@firebase/app@0.13.2):
    resolution: {integrity: sha512-PkX+XJMLDea6nmnopzFKlr+s2LMQGqdyT2DHdbx1v1dPSqOol2YzgpgymmhC67vitXVpNvS3m/AiWQWWhhRRPQ==}
    engines: {node: '>=18.0.0'}
    peerDependencies:
      '@firebase/app-compat': 0.x
    dependencies:
      '@firebase/app-check': 0.10.1(@firebase/app@0.13.2)
      '@firebase/app-check-types': 0.5.3
      '@firebase/app-compat': 0.4.2
      '@firebase/component': 0.6.18
      '@firebase/logger': 0.4.4
      '@firebase/util': 1.12.1
      tslib: 2.6.2
    transitivePeerDependencies:
      - '@firebase/app'
    dev: false

  /@firebase/app-check-interop-types@0.3.3:
    resolution: {integrity: sha512-gAlxfPLT2j8bTI/qfe3ahl2I2YcBQ8cFIBdhAQA4I2f3TndcO+22YizyGYuttLHPQEpWkhmpFW60VCFEPg4g5A==}
    dev: false

  /@firebase/app-check-types@0.5.3:
    resolution: {integrity: sha512-hyl5rKSj0QmwPdsAxrI5x1otDlByQ7bvNvVt8G/XPO2CSwE++rmSVf3VEhaeOR4J8ZFaF0Z0NDSmLejPweZ3ng==}
    dev: false

  /@firebase/app-check@0.10.1(@firebase/app@0.13.2):
    resolution: {integrity: sha512-MgNdlms9Qb0oSny87pwpjKush9qUwCJhfmTJHDfrcKo4neLGiSeVE4qJkzP7EQTIUFKp84pbTxobSAXkiuQVYQ==}
    engines: {node: '>=18.0.0'}
    peerDependencies:
      '@firebase/app': 0.x
    dependencies:
      '@firebase/app': 0.13.2
      '@firebase/component': 0.6.18
      '@firebase/logger': 0.4.4
      '@firebase/util': 1.12.1
      tslib: 2.6.2
    dev: false

  /@firebase/app-compat@0.4.2:
    resolution: {integrity: sha512-LssbyKHlwLeiV8GBATyOyjmHcMpX/tFjzRUCS1jnwGAew1VsBB4fJowyS5Ud5LdFbYpJeS+IQoC+RQxpK7eH3Q==}
    engines: {node: '>=18.0.0'}
    dependencies:
      '@firebase/app': 0.13.2
      '@firebase/component': 0.6.18
      '@firebase/logger': 0.4.4
      '@firebase/util': 1.12.1
      tslib: 2.6.2
    dev: false

  /@firebase/app-types@0.9.3:
    resolution: {integrity: sha512-kRVpIl4vVGJ4baogMDINbyrIOtOxqhkZQg4jTq3l8Lw6WSk0xfpEYzezFu+Kl4ve4fbPl79dvwRtaFqAC/ucCw==}
    dev: false

  /@firebase/app@0.13.2:
    resolution: {integrity: sha512-jwtMmJa1BXXDCiDx1vC6SFN/+HfYG53UkfJa6qeN5ogvOunzbFDO3wISZy5n9xgYFUrEP6M7e8EG++riHNTv9w==}
    engines: {node: '>=18.0.0'}
    dependencies:
      '@firebase/component': 0.6.18
      '@firebase/logger': 0.4.4
      '@firebase/util': 1.12.1
      idb: 7.1.1
      tslib: 2.6.2
    dev: false

  /@firebase/auth-compat@0.5.28(@firebase/app-compat@0.4.2)(@firebase/app-types@0.9.3)(@firebase/app@0.13.2):
    resolution: {integrity: sha512-HpMSo/cc6Y8IX7bkRIaPPqT//Jt83iWy5rmDWeThXQCAImstkdNo3giFLORJwrZw2ptiGkOij64EH1ztNJzc7Q==}
    engines: {node: '>=18.0.0'}
    peerDependencies:
      '@firebase/app-compat': 0.x
    dependencies:
      '@firebase/app-compat': 0.4.2
      '@firebase/auth': 1.10.8(@firebase/app@0.13.2)
      '@firebase/auth-types': 0.13.0(@firebase/app-types@0.9.3)(@firebase/util@1.12.1)
      '@firebase/component': 0.6.18
      '@firebase/util': 1.12.1
      tslib: 2.6.2
    transitivePeerDependencies:
      - '@firebase/app'
      - '@firebase/app-types'
      - '@react-native-async-storage/async-storage'
    dev: false

  /@firebase/auth-interop-types@0.2.4:
    resolution: {integrity: sha512-JPgcXKCuO+CWqGDnigBtvo09HeBs5u/Ktc2GaFj2m01hLarbxthLNm7Fk8iOP1aqAtXV+fnnGj7U28xmk7IwVA==}
    dev: false

  /@firebase/auth-types@0.13.0(@firebase/app-types@0.9.3)(@firebase/util@1.12.1):
    resolution: {integrity: sha512-S/PuIjni0AQRLF+l9ck0YpsMOdE8GO2KU6ubmBB7P+7TJUCQDa3R1dlgYm9UzGbbePMZsp0xzB93f2b/CgxMOg==}
    peerDependencies:
      '@firebase/app-types': 0.x
      '@firebase/util': 1.x
    dependencies:
      '@firebase/app-types': 0.9.3
      '@firebase/util': 1.12.1
    dev: false

  /@firebase/auth@1.10.8(@firebase/app@0.13.2):
    resolution: {integrity: sha512-GpuTz5ap8zumr/ocnPY57ZanX02COsXloY6Y/2LYPAuXYiaJRf6BAGDEdRq1BMjP93kqQnKNuKZUTMZbQ8MNYA==}
    engines: {node: '>=18.0.0'}
    peerDependencies:
      '@firebase/app': 0.x
      '@react-native-async-storage/async-storage': ^1.18.1
    peerDependenciesMeta:
      '@react-native-async-storage/async-storage':
        optional: true
    dependencies:
      '@firebase/app': 0.13.2
      '@firebase/component': 0.6.18
      '@firebase/logger': 0.4.4
      '@firebase/util': 1.12.1
      tslib: 2.6.2
    dev: false

  /@firebase/component@0.6.18:
    resolution: {integrity: sha512-n28kPCkE2dL2U28fSxZJjzPPVpKsQminJ6NrzcKXAI0E/lYC8YhfwpyllScqVEvAI3J2QgJZWYgrX+1qGI+SQQ==}
    engines: {node: '>=18.0.0'}
    dependencies:
      '@firebase/util': 1.12.1
      tslib: 2.6.2
    dev: false

  /@firebase/data-connect@0.3.10(@firebase/app@0.13.2):
    resolution: {integrity: sha512-VMVk7zxIkgwlVQIWHOKFahmleIjiVFwFOjmakXPd/LDgaB/5vzwsB5DWIYo+3KhGxWpidQlR8geCIn39YflJIQ==}
    peerDependencies:
      '@firebase/app': 0.x
    dependencies:
      '@firebase/app': 0.13.2
      '@firebase/auth-interop-types': 0.2.4
      '@firebase/component': 0.6.18
      '@firebase/logger': 0.4.4
      '@firebase/util': 1.12.1
      tslib: 2.6.2
    dev: false

  /@firebase/database-compat@2.0.11:
    resolution: {integrity: sha512-itEsHARSsYS95+udF/TtIzNeQ0Uhx4uIna0sk4E0wQJBUnLc/G1X6D7oRljoOuwwCezRLGvWBRyNrugv/esOEw==}
    engines: {node: '>=18.0.0'}
    dependencies:
      '@firebase/component': 0.6.18
      '@firebase/database': 1.0.20
      '@firebase/database-types': 1.0.15
      '@firebase/logger': 0.4.4
      '@firebase/util': 1.12.1
      tslib: 2.6.2
    dev: false

  /@firebase/database-types@1.0.15:
    resolution: {integrity: sha512-XWHJ0VUJ0k2E9HDMlKxlgy/ZuTa9EvHCGLjaKSUvrQnwhgZuRU5N3yX6SZ+ftf2hTzZmfRkv+b3QRvGg40bKNw==}
    dependencies:
      '@firebase/app-types': 0.9.3
      '@firebase/util': 1.12.1
    dev: false

  /@firebase/database@1.0.20:
    resolution: {integrity: sha512-H9Rpj1pQ1yc9+4HQOotFGLxqAXwOzCHsRSRjcQFNOr8lhUt6LeYjf0NSRL04sc4X0dWe8DsCvYKxMYvFG/iOJw==}
    engines: {node: '>=18.0.0'}
    dependencies:
      '@firebase/app-check-interop-types': 0.3.3
      '@firebase/auth-interop-types': 0.2.4
      '@firebase/component': 0.6.18
      '@firebase/logger': 0.4.4
      '@firebase/util': 1.12.1
      faye-websocket: 0.11.4
      tslib: 2.6.2
    dev: false

  /@firebase/firestore-compat@0.3.53(@firebase/app-compat@0.4.2)(@firebase/app-types@0.9.3)(@firebase/app@0.13.2):
    resolution: {integrity: sha512-qI3yZL8ljwAYWrTousWYbemay2YZa+udLWugjdjju2KODWtLG94DfO4NALJgPLv8CVGcDHNFXoyQexdRA0Cz8Q==}
    engines: {node: '>=18.0.0'}
    peerDependencies:
      '@firebase/app-compat': 0.x
    dependencies:
      '@firebase/app-compat': 0.4.2
      '@firebase/component': 0.6.18
      '@firebase/firestore': 4.8.0(@firebase/app@0.13.2)
      '@firebase/firestore-types': 3.0.3(@firebase/app-types@0.9.3)(@firebase/util@1.12.1)
      '@firebase/util': 1.12.1
      tslib: 2.6.2
    transitivePeerDependencies:
      - '@firebase/app'
      - '@firebase/app-types'
    dev: false

  /@firebase/firestore-types@3.0.3(@firebase/app-types@0.9.3)(@firebase/util@1.12.1):
    resolution: {integrity: sha512-hD2jGdiWRxB/eZWF89xcK9gF8wvENDJkzpVFb4aGkzfEaKxVRD1kjz1t1Wj8VZEp2LCB53Yx1zD8mrhQu87R6Q==}
    peerDependencies:
      '@firebase/app-types': 0.x
      '@firebase/util': 1.x
    dependencies:
      '@firebase/app-types': 0.9.3
      '@firebase/util': 1.12.1
    dev: false

  /@firebase/firestore@4.8.0(@firebase/app@0.13.2):
    resolution: {integrity: sha512-QSRk+Q1/CaabKyqn3C32KSFiOdZpSqI9rpLK5BHPcooElumOBooPFa6YkDdiT+/KhJtel36LdAacha9BptMj2A==}
    engines: {node: '>=18.0.0'}
    peerDependencies:
      '@firebase/app': 0.x
    dependencies:
      '@firebase/app': 0.13.2
      '@firebase/component': 0.6.18
      '@firebase/logger': 0.4.4
      '@firebase/util': 1.12.1
      '@firebase/webchannel-wrapper': 1.0.3
      '@grpc/grpc-js': 1.9.13
      '@grpc/proto-loader': 0.7.10
      tslib: 2.6.2
    dev: false

  /@firebase/functions-compat@0.3.26(@firebase/app-compat@0.4.2)(@firebase/app@0.13.2):
    resolution: {integrity: sha512-A798/6ff5LcG2LTWqaGazbFYnjBW8zc65YfID/en83ALmkhu2b0G8ykvQnLtakbV9ajrMYPn7Yc/XcYsZIUsjA==}
    engines: {node: '>=18.0.0'}
    peerDependencies:
      '@firebase/app-compat': 0.x
    dependencies:
      '@firebase/app-compat': 0.4.2
      '@firebase/component': 0.6.18
      '@firebase/functions': 0.12.9(@firebase/app@0.13.2)
      '@firebase/functions-types': 0.6.3
      '@firebase/util': 1.12.1
      tslib: 2.6.2
    transitivePeerDependencies:
      - '@firebase/app'
    dev: false

  /@firebase/functions-types@0.6.3:
    resolution: {integrity: sha512-EZoDKQLUHFKNx6VLipQwrSMh01A1SaL3Wg6Hpi//x6/fJ6Ee4hrAeswK99I5Ht8roiniKHw4iO0B1Oxj5I4plg==}
    dev: false

  /@firebase/functions@0.12.9(@firebase/app@0.13.2):
    resolution: {integrity: sha512-FG95w6vjbUXN84Ehezc2SDjGmGq225UYbHrb/ptkRT7OTuCiQRErOQuyt1jI1tvcDekdNog+anIObihNFz79Lg==}
    engines: {node: '>=18.0.0'}
    peerDependencies:
      '@firebase/app': 0.x
    dependencies:
      '@firebase/app': 0.13.2
      '@firebase/app-check-interop-types': 0.3.3
      '@firebase/auth-interop-types': 0.2.4
      '@firebase/component': 0.6.18
      '@firebase/messaging-interop-types': 0.2.3
      '@firebase/util': 1.12.1
      tslib: 2.6.2
    dev: false

  /@firebase/installations-compat@0.2.18(@firebase/app-compat@0.4.2)(@firebase/app-types@0.9.3)(@firebase/app@0.13.2):
    resolution: {integrity: sha512-aLFohRpJO5kKBL/XYL4tN+GdwEB/Q6Vo9eZOM/6Kic7asSUgmSfGPpGUZO1OAaSRGwF4Lqnvi1f/f9VZnKzChw==}
    peerDependencies:
      '@firebase/app-compat': 0.x
    dependencies:
      '@firebase/app-compat': 0.4.2
      '@firebase/component': 0.6.18
      '@firebase/installations': 0.6.18(@firebase/app@0.13.2)
      '@firebase/installations-types': 0.5.3(@firebase/app-types@0.9.3)
      '@firebase/util': 1.12.1
      tslib: 2.6.2
    transitivePeerDependencies:
      - '@firebase/app'
      - '@firebase/app-types'
    dev: false

  /@firebase/installations-types@0.5.3(@firebase/app-types@0.9.3):
    resolution: {integrity: sha512-2FJI7gkLqIE0iYsNQ1P751lO3hER+Umykel+TkLwHj6plzWVxqvfclPUZhcKFVQObqloEBTmpi2Ozn7EkCABAA==}
    peerDependencies:
      '@firebase/app-types': 0.x
    dependencies:
      '@firebase/app-types': 0.9.3
    dev: false

  /@firebase/installations@0.6.18(@firebase/app@0.13.2):
    resolution: {integrity: sha512-NQ86uGAcvO8nBRwVltRL9QQ4Reidc/3whdAasgeWCPIcrhOKDuNpAALa6eCVryLnK14ua2DqekCOX5uC9XbU/A==}
    peerDependencies:
      '@firebase/app': 0.x
    dependencies:
      '@firebase/app': 0.13.2
      '@firebase/component': 0.6.18
      '@firebase/util': 1.12.1
      idb: 7.1.1
      tslib: 2.6.2
    dev: false

  /@firebase/logger@0.4.4:
    resolution: {integrity: sha512-mH0PEh1zoXGnaR8gD1DeGeNZtWFKbnz9hDO91dIml3iou1gpOnLqXQ2dJfB71dj6dpmUjcQ6phY3ZZJbjErr9g==}
    engines: {node: '>=18.0.0'}
    dependencies:
      tslib: 2.6.2
    dev: false

  /@firebase/messaging-compat@0.2.22(@firebase/app-compat@0.4.2)(@firebase/app@0.13.2):
    resolution: {integrity: sha512-5ZHtRnj6YO6f/QPa/KU6gryjmX4Kg33Kn4gRpNU6M1K47Gm8kcQwPkX7erRUYEH1mIWptfvjvXMHWoZaWjkU7A==}
    peerDependencies:
      '@firebase/app-compat': 0.x
    dependencies:
      '@firebase/app-compat': 0.4.2
      '@firebase/component': 0.6.18
      '@firebase/messaging': 0.12.22(@firebase/app@0.13.2)
      '@firebase/util': 1.12.1
      tslib: 2.6.2
    transitivePeerDependencies:
      - '@firebase/app'
    dev: false

  /@firebase/messaging-interop-types@0.2.3:
    resolution: {integrity: sha512-xfzFaJpzcmtDjycpDeCUj0Ge10ATFi/VHVIvEEjDNc3hodVBQADZ7BWQU7CuFpjSHE+eLuBI13z5F/9xOoGX8Q==}
    dev: false

  /@firebase/messaging@0.12.22(@firebase/app@0.13.2):
    resolution: {integrity: sha512-GJcrPLc+Hu7nk+XQ70Okt3M1u1eRr2ZvpMbzbc54oTPJZySHcX9ccZGVFcsZbSZ6o1uqumm8Oc7OFkD3Rn1/og==}
    peerDependencies:
      '@firebase/app': 0.x
    dependencies:
      '@firebase/app': 0.13.2
      '@firebase/component': 0.6.18
      '@firebase/installations': 0.6.18(@firebase/app@0.13.2)
      '@firebase/messaging-interop-types': 0.2.3
      '@firebase/util': 1.12.1
      idb: 7.1.1
      tslib: 2.6.2
    dev: false

  /@firebase/performance-compat@0.2.20(@firebase/app-compat@0.4.2)(@firebase/app@0.13.2):
    resolution: {integrity: sha512-XkFK5NmOKCBuqOKWeRgBUFZZGz9SzdTZp4OqeUg+5nyjapTiZ4XoiiUL8z7mB2q+63rPmBl7msv682J3rcDXIQ==}
    peerDependencies:
      '@firebase/app-compat': 0.x
    dependencies:
      '@firebase/app-compat': 0.4.2
      '@firebase/component': 0.6.18
      '@firebase/logger': 0.4.4
      '@firebase/performance': 0.7.7(@firebase/app@0.13.2)
      '@firebase/performance-types': 0.2.3
      '@firebase/util': 1.12.1
      tslib: 2.6.2
    transitivePeerDependencies:
      - '@firebase/app'
    dev: false

  /@firebase/performance-types@0.2.3:
    resolution: {integrity: sha512-IgkyTz6QZVPAq8GSkLYJvwSLr3LS9+V6vNPQr0x4YozZJiLF5jYixj0amDtATf1X0EtYHqoPO48a9ija8GocxQ==}
    dev: false

  /@firebase/performance@0.7.7(@firebase/app@0.13.2):
    resolution: {integrity: sha512-JTlTQNZKAd4+Q5sodpw6CN+6NmwbY72av3Lb6wUKTsL7rb3cuBIhQSrslWbVz0SwK3x0ZNcqX24qtRbwKiv+6w==}
    peerDependencies:
      '@firebase/app': 0.x
    dependencies:
      '@firebase/app': 0.13.2
      '@firebase/component': 0.6.18
      '@firebase/installations': 0.6.18(@firebase/app@0.13.2)
      '@firebase/logger': 0.4.4
      '@firebase/util': 1.12.1
      tslib: 2.6.2
      web-vitals: 4.2.4
    dev: false

  /@firebase/remote-config-compat@0.2.18(@firebase/app-compat@0.4.2)(@firebase/app@0.13.2):
    resolution: {integrity: sha512-YiETpldhDy7zUrnS8e+3l7cNs0sL7+tVAxvVYU0lu7O+qLHbmdtAxmgY+wJqWdW2c9nDvBFec7QiF58pEUu0qQ==}
    peerDependencies:
      '@firebase/app-compat': 0.x
    dependencies:
      '@firebase/app-compat': 0.4.2
      '@firebase/component': 0.6.18
      '@firebase/logger': 0.4.4
      '@firebase/remote-config': 0.6.5(@firebase/app@0.13.2)
      '@firebase/remote-config-types': 0.4.0
      '@firebase/util': 1.12.1
      tslib: 2.6.2
    transitivePeerDependencies:
      - '@firebase/app'
    dev: false

  /@firebase/remote-config-types@0.4.0:
    resolution: {integrity: sha512-7p3mRE/ldCNYt8fmWMQ/MSGRmXYlJ15Rvs9Rk17t8p0WwZDbeK7eRmoI1tvCPaDzn9Oqh+yD6Lw+sGLsLg4kKg==}
    dev: false

  /@firebase/remote-config@0.6.5(@firebase/app@0.13.2):
    resolution: {integrity: sha512-fU0c8HY0vrVHwC+zQ/fpXSqHyDMuuuglV94VF6Yonhz8Fg2J+KOowPGANM0SZkLvVOYpTeWp3ZmM+F6NjwWLnw==}
    peerDependencies:
      '@firebase/app': 0.x
    dependencies:
      '@firebase/app': 0.13.2
      '@firebase/component': 0.6.18
      '@firebase/installations': 0.6.18(@firebase/app@0.13.2)
      '@firebase/logger': 0.4.4
      '@firebase/util': 1.12.1
      tslib: 2.6.2
    dev: false

  /@firebase/storage-compat@0.3.24(@firebase/app-compat@0.4.2)(@firebase/app-types@0.9.3)(@firebase/app@0.13.2):
    resolution: {integrity: sha512-XHn2tLniiP7BFKJaPZ0P8YQXKiVJX+bMyE2j2YWjYfaddqiJnROJYqSomwW6L3Y+gZAga35ONXUJQju6MB6SOQ==}
    engines: {node: '>=18.0.0'}
    peerDependencies:
      '@firebase/app-compat': 0.x
    dependencies:
      '@firebase/app-compat': 0.4.2
      '@firebase/component': 0.6.18
      '@firebase/storage': 0.13.14(@firebase/app@0.13.2)
      '@firebase/storage-types': 0.8.3(@firebase/app-types@0.9.3)(@firebase/util@1.12.1)
      '@firebase/util': 1.12.1
      tslib: 2.6.2
    transitivePeerDependencies:
      - '@firebase/app'
      - '@firebase/app-types'
    dev: false

  /@firebase/storage-types@0.8.3(@firebase/app-types@0.9.3)(@firebase/util@1.12.1):
    resolution: {integrity: sha512-+Muk7g9uwngTpd8xn9OdF/D48uiQ7I1Fae7ULsWPuKoCH3HU7bfFPhxtJYzyhjdniowhuDpQcfPmuNRAqZEfvg==}
    peerDependencies:
      '@firebase/app-types': 0.x
      '@firebase/util': 1.x
    dependencies:
      '@firebase/app-types': 0.9.3
      '@firebase/util': 1.12.1
    dev: false

  /@firebase/storage@0.13.14(@firebase/app@0.13.2):
    resolution: {integrity: sha512-xTq5ixxORzx+bfqCpsh+o3fxOsGoDjC1nO0Mq2+KsOcny3l7beyBhP/y1u5T6mgsFQwI1j6oAkbT5cWdDBx87g==}
    engines: {node: '>=18.0.0'}
    peerDependencies:
      '@firebase/app': 0.x
    dependencies:
      '@firebase/app': 0.13.2
      '@firebase/component': 0.6.18
      '@firebase/util': 1.12.1
      tslib: 2.6.2
    dev: false

  /@firebase/util@1.12.1:
    resolution: {integrity: sha512-zGlBn/9Dnya5ta9bX/fgEoNC3Cp8s6h+uYPYaDieZsFOAdHP/ExzQ/eaDgxD3GOROdPkLKpvKY0iIzr9adle0w==}
    engines: {node: '>=18.0.0'}
    requiresBuild: true
    dependencies:
      tslib: 2.6.2
    dev: false

  /@firebase/webchannel-wrapper@1.0.3:
    resolution: {integrity: sha512-2xCRM9q9FlzGZCdgDMJwc0gyUkWFtkosy7Xxr6sFgQwn+wMNIWd7xIvYNauU1r64B5L5rsGKy/n9TKJ0aAFeqQ==}
    dev: false

  /@grpc/grpc-js@1.9.13:
    resolution: {integrity: sha512-OEZZu9v9AA+7/tghMDE8o5DAMD5THVnwSqDWuh7PPYO5287rTyqy0xEHT6/e4pbqSrhyLPdQFsam4TwFQVVIIw==}
    engines: {node: ^8.13.0 || >=10.10.0}
    dependencies:
      '@grpc/proto-loader': 0.7.10
      '@types/node': 20.10.4
    dev: false

  /@grpc/proto-loader@0.7.10:
    resolution: {integrity: sha512-CAqDfoaQ8ykFd9zqBDn4k6iWT9loLAlc2ETmDFS9JCD70gDcnA4L3AFEo2iV7KyAtAAHFW9ftq1Fz+Vsgq80RQ==}
    engines: {node: '>=6'}
    hasBin: true
    dependencies:
      lodash.camelcase: 4.3.0
      long: 5.2.3
      protobufjs: 7.2.5
      yargs: 17.7.2
    dev: false

  /@isaacs/cliui@8.0.2:
    resolution: {integrity: sha512-O8jcjabXaleOG9DQ0+ARXWZBTfnP4WNAqzuiJK7ll44AmxGKv/J2M4TPjxjY3znBCfvBXFzucm1twdyFybFqEA==}
    engines: {node: '>=12'}
    dependencies:
      string-width: 5.1.2
      string-width-cjs: /string-width@4.2.3
      strip-ansi: 7.1.0
      strip-ansi-cjs: /strip-ansi@6.0.1
      wrap-ansi: 8.1.0
      wrap-ansi-cjs: /wrap-ansi@7.0.0
    dev: true

  /@pkgjs/parseargs@0.11.0:
    resolution: {integrity: sha512-+1VkjdD0QBLPodGrJUeqarH8VAIvQODIbwh9XpP5Syisf7YoQgsJKPNFoqqLQlu+VQ/tVSshMR6loPMn8U+dPg==}
    engines: {node: '>=14'}
    requiresBuild: true
    dev: true
    optional: true

  /@protobufjs/aspromise@1.1.2:
    resolution: {integrity: sha512-j+gKExEuLmKwvz3OgROXtrJ2UG2x8Ch2YZUxahh+s1F2HZ+wAceUNLkvy6zKCPVRkU++ZWQrdxsUeQXmcg4uoQ==}
    dev: false

  /@protobufjs/base64@1.1.2:
    resolution: {integrity: sha512-AZkcAA5vnN/v4PDqKyMR5lx7hZttPDgClv83E//FMNhR2TMcLUhfRUBHCmSl0oi9zMgDDqRUJkSxO3wm85+XLg==}
    dev: false

  /@protobufjs/codegen@2.0.4:
    resolution: {integrity: sha512-YyFaikqM5sH0ziFZCN3xDC7zeGaB/d0IUb9CATugHWbd1FRFwWwt4ld4OYMPWu5a3Xe01mGAULCdqhMlPl29Jg==}
    dev: false

  /@protobufjs/eventemitter@1.1.0:
    resolution: {integrity: sha512-j9ednRT81vYJ9OfVuXG6ERSTdEL1xVsNgqpkxMsbIabzSo3goCjDIveeGv5d03om39ML71RdmrGNjG5SReBP/Q==}
    dev: false

  /@protobufjs/fetch@1.1.0:
    resolution: {integrity: sha512-lljVXpqXebpsijW71PZaCYeIcE5on1w5DlQy5WH6GLbFryLUrBD4932W/E2BSpfRJWseIL4v/KPgBFxDOIdKpQ==}
    dependencies:
      '@protobufjs/aspromise': 1.1.2
      '@protobufjs/inquire': 1.1.0
    dev: false

  /@protobufjs/float@1.0.2:
    resolution: {integrity: sha512-Ddb+kVXlXst9d+R9PfTIxh1EdNkgoRe5tOX6t01f1lYWOvJnSPDBlG241QLzcyPdoNTsblLUdujGSE4RzrTZGQ==}
    dev: false

  /@protobufjs/inquire@1.1.0:
    resolution: {integrity: sha512-kdSefcPdruJiFMVSbn801t4vFK7KB/5gd2fYvrxhuJYg8ILrmn9SKSX2tZdV6V+ksulWqS7aXjBcRXl3wHoD9Q==}
    dev: false

  /@protobufjs/path@1.1.2:
    resolution: {integrity: sha512-6JOcJ5Tm08dOHAbdR3GrvP+yUUfkjG5ePsHYczMFLq3ZmMkAD98cDgcT2iA1lJ9NVwFd4tH/iSSoe44YWkltEA==}
    dev: false

  /@protobufjs/pool@1.1.0:
    resolution: {integrity: sha512-0kELaGSIDBKvcgS4zkjz1PeddatrjYcmMWOlAuAPwAeccUrPHdUqo/J6LiymHHEiJT5NrF1UVwxY14f+fy4WQw==}
    dev: false

  /@protobufjs/utf8@1.1.0:
    resolution: {integrity: sha512-Vvn3zZrhQZkkBE8LSuW3em98c0FwgO4nxzv6OdSxPKJIEKY2bGbHn+mhGIPerzI4twdxaP8/0+06HBpwf345Lw==}
    dev: false

  /@types/node@20.10.4:
    resolution: {integrity: sha512-D08YG6rr8X90YB56tSIuBaddy/UXAA9RKJoFvrsnogAum/0pmjkgi4+2nx96A330FmioegBWmEYQ+syqCFaveg==}
    dependencies:
      undici-types: 5.26.5
    dev: false

  /ansi-regex@5.0.1:
    resolution: {integrity: sha512-quJQXlTSUGL2LH9SUXo8VwsY4soanhgo6LNSm84E1LBcE8s3O0wpdiRzyR9z/ZZJMlMWv37qOOb9pdJlMUEKFQ==}
    engines: {node: '>=8'}

  /ansi-regex@6.0.1:
    resolution: {integrity: sha512-n5M855fKb2SsfMIiFFoVrABHJC8QtHwVx+mHWP3QcEqBHYienj5dHSgjbxtC0WEZXYt4wcD6zrQElDPhFuZgfA==}
    engines: {node: '>=12'}
    dev: true

  /ansi-styles@4.3.0:
    resolution: {integrity: sha512-zbB9rCJAT1rbjiVDb2hqKFHNYLxgtk8NURxZ3IZwD3F6NtxbXZQCnnSi1Lkx+IDohdPlFp222wVALIheZJQSEg==}
    engines: {node: '>=8'}
    dependencies:
      color-convert: 2.0.1

  /ansi-styles@6.2.1:
    resolution: {integrity: sha512-bN798gFfQX+viw3R7yrGWRqnrN2oRkEkUjjl4JNn4E8GxxbjtG3FbrEIIY3l8/hrwUwIeCZvi4QuOTP4MErVug==}
    engines: {node: '>=12'}
    dev: true

  /balanced-match@1.0.2:
    resolution: {integrity: sha512-3oSeUO0TMV67hN1AmbXsK4yaqU7tjiHlbxRDZOpH0KW9+CeX4bRAaX0Anxt0tx2MrpRpWwQaPwIlISEJhYU5Pw==}
    dev: true

  /brace-expansion@2.0.1:
    resolution: {integrity: sha512-XnAIvQ8eM+kC6aULx6wuQiwVsnzsi9d3WxzV3FpWTGA19F621kwdbsAcFKXgKUHZWsy+mY6iL1sHTxWEFCytDA==}
    dependencies:
      balanced-match: 1.0.2
    dev: true

  /cliui@8.0.1:
    resolution: {integrity: sha512-BSeNnyus75C4//NQ9gQt1/csTXyo/8Sb+afLAkzAptFuMsod9HFokGNudZpi/oQV73hnVK+sR+5PVRMd+Dr7YQ==}
    engines: {node: '>=12'}
    dependencies:
      string-width: 4.2.3
      strip-ansi: 6.0.1
      wrap-ansi: 7.0.0
    dev: false

  /color-convert@2.0.1:
    resolution: {integrity: sha512-RRECPsj7iu/xb5oKYcsFHSppFNnsj/52OVTRKb4zP5onXwVF3zVmmToNcOfGC+CRDpfK/U584fMg38ZHCaElKQ==}
    engines: {node: '>=7.0.0'}
    dependencies:
      color-name: 1.1.4

  /color-name@1.1.4:
    resolution: {integrity: sha512-dOy+3AuW3a2wNbZHIuMZpTcgjGuLU/uBL/ubcZF9OXbDo8ff4O8yVp5Bf0efS8uEoYo5q4Fx7dY9OgQGXgAsQA==}

  /cross-spawn@7.0.3:
    resolution: {integrity: sha512-iRDPJKUPVEND7dHPO8rkbOnPpyDygcDFtWjpeWNCgy8WP2rXcxXL8TskReQl6OrB2G7+UJrags1q15Fudc7G6w==}
    engines: {node: '>= 8'}
    dependencies:
      path-key: 3.1.1
      shebang-command: 2.0.0
      which: 2.0.2
    dev: true

  /eastasianwidth@0.2.0:
    resolution: {integrity: sha512-I88TYZWc9XiYHRQ4/3c5rjjfgkjhLyW2luGIheGERbNQ6OY7yTybanSpDXZa8y7VUP9YmDcYa+eyq4ca7iLqWA==}
    dev: true

  /emoji-regex@8.0.0:
    resolution: {integrity: sha512-MSjYzcWNOA0ewAHpz0MxpYFvwg6yjy1NG3xteoqz644VCo/RPgnr1/GGt+ic3iJTzQ8Eu3TdM14SawnVUmGE6A==}

  /emoji-regex@9.2.2:
    resolution: {integrity: sha512-L18DaJsXSUk2+42pv8mLs5jJT2hqFkFE4j21wOmgbUqsZ2hL72NsUU785g9RXgo3s0ZNgVl42TiHp3ZtOv/Vyg==}
    dev: true

  /escalade@3.1.1:
    resolution: {integrity: sha512-k0er2gUkLf8O0zKJiAhmkTnJlTvINGv7ygDNPbeIsX/TJjGJZHuh9B2UxbsaEkmlEo9MfhrSzmhIlhRlI2GXnw==}
    engines: {node: '>=6'}
    dev: false

  /faye-websocket@0.11.4:
    resolution: {integrity: sha512-CzbClwlXAuiRQAlUyfqPgvPoNKTckTPGfwZV4ZdAhVcP2lh9KUxJg2b5GkE7XbjKQ3YJnQ9z6D9ntLAlB+tP8g==}
    engines: {node: '>=0.8.0'}
    dependencies:
      websocket-driver: 0.7.4
    dev: false

  /firebase@11.10.0:
    resolution: {integrity: sha512-nKBXoDzF0DrXTBQJlZa+sbC5By99ysYU1D6PkMRYknm0nCW7rJly47q492Ht7Ndz5MeYSBuboKuhS1e6mFC03w==}
    dependencies:
      '@firebase/ai': 1.4.1(@firebase/app-types@0.9.3)(@firebase/app@0.13.2)
      '@firebase/analytics': 0.10.17(@firebase/app@0.13.2)
      '@firebase/analytics-compat': 0.2.23(@firebase/app-compat@0.4.2)(@firebase/app@0.13.2)
      '@firebase/app': 0.13.2
      '@firebase/app-check': 0.10.1(@firebase/app@0.13.2)
      '@firebase/app-check-compat': 0.3.26(@firebase/app-compat@0.4.2)(@firebase/app@0.13.2)
      '@firebase/app-compat': 0.4.2
      '@firebase/app-types': 0.9.3
      '@firebase/auth': 1.10.8(@firebase/app@0.13.2)
      '@firebase/auth-compat': 0.5.28(@firebase/app-compat@0.4.2)(@firebase/app-types@0.9.3)(@firebase/app@0.13.2)
      '@firebase/data-connect': 0.3.10(@firebase/app@0.13.2)
      '@firebase/database': 1.0.20
      '@firebase/database-compat': 2.0.11
      '@firebase/firestore': 4.8.0(@firebase/app@0.13.2)
      '@firebase/firestore-compat': 0.3.53(@firebase/app-compat@0.4.2)(@firebase/app-types@0.9.3)(@firebase/app@0.13.2)
      '@firebase/functions': 0.12.9(@firebase/app@0.13.2)
      '@firebase/functions-compat': 0.3.26(@firebase/app-compat@0.4.2)(@firebase/app@0.13.2)
      '@firebase/installations': 0.6.18(@firebase/app@0.13.2)
      '@firebase/installations-compat': 0.2.18(@firebase/app-compat@0.4.2)(@firebase/app-types@0.9.3)(@firebase/app@0.13.2)
      '@firebase/messaging': 0.12.22(@firebase/app@0.13.2)
      '@firebase/messaging-compat': 0.2.22(@firebase/app-compat@0.4.2)(@firebase/app@0.13.2)
      '@firebase/performance': 0.7.7(@firebase/app@0.13.2)
      '@firebase/performance-compat': 0.2.20(@firebase/app-compat@0.4.2)(@firebase/app@0.13.2)
      '@firebase/remote-config': 0.6.5(@firebase/app@0.13.2)
      '@firebase/remote-config-compat': 0.2.18(@firebase/app-compat@0.4.2)(@firebase/app@0.13.2)
      '@firebase/storage': 0.13.14(@firebase/app@0.13.2)
      '@firebase/storage-compat': 0.3.24(@firebase/app-compat@0.4.2)(@firebase/app-types@0.9.3)(@firebase/app@0.13.2)
      '@firebase/util': 1.12.1
    transitivePeerDependencies:
      - '@react-native-async-storage/async-storage'
    dev: false

  /foreground-child@3.1.1:
    resolution: {integrity: sha512-TMKDUnIte6bfb5nWv7V/caI169OHgvwjb7V4WkeUvbQQdjr5rWKqHFiKWb/fcOwB+CzBT+qbWjvj+DVwRskpIg==}
    engines: {node: '>=14'}
    dependencies:
      cross-spawn: 7.0.3
      signal-exit: 4.1.0
    dev: true

  /get-caller-file@2.0.5:
    resolution: {integrity: sha512-DyFP3BM/3YHTQOCUL/w0OZHR0lpKeGrxotcHWcqNEdnltqFwXVfhEBQ94eIo34AfQpo0rGki4cyIiftY06h2Fg==}
    engines: {node: 6.* || 8.* || >= 10.*}
    dev: false

  /glob@10.3.10:
    resolution: {integrity: sha512-fa46+tv1Ak0UPK1TOy/pZrIybNNt4HCv7SDzwyfiOZkvZLEbjsZkJBPtDHVshZjbecAoAGSC20MjLDG/qr679g==}
    engines: {node: '>=16 || 14 >=14.17'}
    hasBin: true
    dependencies:
      foreground-child: 3.1.1
      jackspeak: 2.3.6
      minimatch: 9.0.3
      minipass: 7.0.4
      path-scurry: 1.10.1
    dev: true

  /http-parser-js@0.5.8:
    resolution: {integrity: sha512-SGeBX54F94Wgu5RH3X5jsDtf4eHyRogWX1XGT3b4HuW3tQPM4AaBzoUji/4AAJNXCEOWZ5O0DgZmJw1947gD5Q==}
    dev: false

  /idb@7.1.1:
    resolution: {integrity: sha512-gchesWBzyvGHRO9W8tzUWFDycow5gwjvFKfyV9FF32Y7F50yZMp7mP+T2mJIWFx49zicqyC4uefHM17o6xKIVQ==}
    dev: false

  /is-fullwidth-code-point@3.0.0:
    resolution: {integrity: sha512-zymm5+u+sCsSWyD9qNaejV3DFvhCKclKdizYaJUuHA83RLjb7nSuGnddCHGv0hk+KY7BMAlsWeK4Ueg6EV6XQg==}
    engines: {node: '>=8'}

  /isexe@2.0.0:
    resolution: {integrity: sha512-RHxMLp9lnKHGHRng9QFhRCMbYAcVpn69smSGcq3f36xjgVVWThj4qqLbTLlq7Ssj8B+fIQ1EuCEGI2lKsyQeIw==}
    dev: true

  /jackspeak@2.3.6:
    resolution: {integrity: sha512-N3yCS/NegsOBokc8GAdM8UcmfsKiSS8cipheD/nivzr700H+nsMOxJjQnvwOcRYVuFkdH0wGUvW2WbXGmrZGbQ==}
    engines: {node: '>=14'}
    dependencies:
      '@isaacs/cliui': 8.0.2
    optionalDependencies:
      '@pkgjs/parseargs': 0.11.0
    dev: true

  /lodash.camelcase@4.3.0:
    resolution: {integrity: sha512-TwuEnCnxbc3rAvhf/LbG7tJUDzhqXyFnv3dtzLOPgCG/hODL7WFnsbwktkD7yUV0RrreP/l1PALq/YSg6VvjlA==}
    dev: false

  /long@5.2.3:
    resolution: {integrity: sha512-lcHwpNoggQTObv5apGNCTdJrO69eHOZMi4BNC+rTLER8iHAqGrUVeLh/irVIM7zTw2bOXA8T6uNPeujwOLg/2Q==}
    dev: false

  /lru-cache@10.1.0:
    resolution: {integrity: sha512-/1clY/ui8CzjKFyjdvwPWJUYKiFVXG2I2cY0ssG7h4+hwk+XOIX7ZSG9Q7TW8TW3Kp3BUSqgFWBLgL4PJ+Blag==}
    engines: {node: 14 || >=16.14}
    dev: true

  /minimatch@9.0.3:
    resolution: {integrity: sha512-RHiac9mvaRw0x3AYRgDC1CxAP7HTcNrrECeA8YYJeWnpo+2Q5CegtZjaotWTWxDG3UeGA1coE05iH1mPjT/2mg==}
    engines: {node: '>=16 || 14 >=14.17'}
    dependencies:
      brace-expansion: 2.0.1
    dev: true

  /minipass@7.0.4:
    resolution: {integrity: sha512-jYofLM5Dam9279rdkWzqHozUo4ybjdZmCsDHePy5V/PbBcVMiSZR97gmAy45aqi8CK1lG2ECd356FU86avfwUQ==}
    engines: {node: '>=16 || 14 >=14.17'}
    dev: true

  /path-key@3.1.1:
    resolution: {integrity: sha512-ojmeN0qd+y0jszEtoY48r0Peq5dwMEkIlCOu6Q5f41lfkswXuKtYrhgoTpLnyIcHm24Uhqx+5Tqm2InSwLhE6Q==}
    engines: {node: '>=8'}
    dev: true

  /path-scurry@1.10.1:
    resolution: {integrity: sha512-MkhCqzzBEpPvxxQ71Md0b1Kk51W01lrYvlMzSUaIzNsODdd7mqhiimSZlr+VegAz5Z6Vzt9Xg2ttE//XBhH3EQ==}
    engines: {node: '>=16 || 14 >=14.17'}
    dependencies:
      lru-cache: 10.1.0
      minipass: 7.0.4
    dev: true

  /protobufjs@7.2.5:
    resolution: {integrity: sha512-gGXRSXvxQ7UiPgfw8gevrfRWcTlSbOFg+p/N+JVJEK5VhueL2miT6qTymqAmjr1Q5WbOCyJbyrk6JfWKwlFn6A==}
    engines: {node: '>=12.0.0'}
    requiresBuild: true
    dependencies:
      '@protobufjs/aspromise': 1.1.2
      '@protobufjs/base64': 1.1.2
      '@protobufjs/codegen': 2.0.4
      '@protobufjs/eventemitter': 1.1.0
      '@protobufjs/fetch': 1.1.0
      '@protobufjs/float': 1.0.2
      '@protobufjs/inquire': 1.1.0
      '@protobufjs/path': 1.1.2
      '@protobufjs/pool': 1.1.0
      '@protobufjs/utf8': 1.1.0
      '@types/node': 20.10.4
      long: 5.2.3
    dev: false

  /require-directory@2.1.1:
    resolution: {integrity: sha512-fGxEI7+wsG9xrvdjsrlmL22OMTTiHRwAMroiEeMgq8gzoLC/PQr7RsRDSTLUg/bZAZtF+TVIkHc6/4RIKrui+Q==}
    engines: {node: '>=0.10.0'}
    dev: false

  /rimraf@5.0.5:
    resolution: {integrity: sha512-CqDakW+hMe/Bz202FPEymy68P+G50RfMQK+Qo5YUqc9SPipvbGjCGKd0RSKEelbsfQuw3g5NZDSrlZZAJurH1A==}
    engines: {node: '>=14'}
    hasBin: true
    dependencies:
      glob: 10.3.10
    dev: true

  /safe-buffer@5.2.1:
    resolution: {integrity: sha512-rp3So07KcdmmKbGvgaNxQSJr7bGVSVk5S9Eq1F+ppbRo70+YeaDxkw5Dd8NPN+GD6bjnYm2VuPuCXmpuYvmCXQ==}
    dev: false

  /shebang-command@2.0.0:
    resolution: {integrity: sha512-kHxr2zZpYtdmrN1qDjrrX/Z1rR1kG8Dx+gkpK1G4eXmvXswmcE1hTWBWYUzlraYw1/yZp6YuDY77YtvbN0dmDA==}
    engines: {node: '>=8'}
    dependencies:
      shebang-regex: 3.0.0
    dev: true

  /shebang-regex@3.0.0:
    resolution: {integrity: sha512-7++dFhtcx3353uBaq8DDR4NuxBetBzC7ZQOhmTQInHEd6bSrXdiEyzCvG07Z44UYdLShWUyXt5M/yhz8ekcb1A==}
    engines: {node: '>=8'}
    dev: true

  /signal-exit@4.1.0:
    resolution: {integrity: sha512-bzyZ1e88w9O1iNJbKnOlvYTrWPDl46O1bG0D3XInv+9tkPrxrN8jUUTiFlDkkmKWgn1M6CfIA13SuGqOa9Korw==}
    engines: {node: '>=14'}
    dev: true

  /string-width@4.2.3:
    resolution: {integrity: sha512-wKyQRQpjJ0sIp62ErSZdGsjMJWsap5oRNihHhu6G7JVO/9jIB6UyevL+tXuOqrng8j/cxKTWyWUwvSTriiZz/g==}
    engines: {node: '>=8'}
    dependencies:
      emoji-regex: 8.0.0
      is-fullwidth-code-point: 3.0.0
      strip-ansi: 6.0.1

  /string-width@5.1.2:
    resolution: {integrity: sha512-HnLOCR3vjcY8beoNLtcjZ5/nxn2afmME6lhrDrebokqMap+XbeW8n9TXpPDOqdGK5qcI3oT0GKTW6wC7EMiVqA==}
    engines: {node: '>=12'}
    dependencies:
      eastasianwidth: 0.2.0
      emoji-regex: 9.2.2
      strip-ansi: 7.1.0
    dev: true

  /strip-ansi@6.0.1:
    resolution: {integrity: sha512-Y38VPSHcqkFrCpFnQ9vuSXmquuv5oXOKpGeT6aGrr3o3Gc9AlVa6JBfUSOCnbxGGZF+/0ooI7KrPuUSztUdU5A==}
    engines: {node: '>=8'}
    dependencies:
      ansi-regex: 5.0.1

  /strip-ansi@7.1.0:
    resolution: {integrity: sha512-iq6eVVI64nQQTRYq2KtEg2d2uU7LElhTJwsH4YzIHZshxlgZms/wIc4VoDQTlG/IvVIrBKG06CrZnp0qv7hkcQ==}
    engines: {node: '>=12'}
    dependencies:
      ansi-regex: 6.0.1
    dev: true

  /tslib@2.6.2:
    resolution: {integrity: sha512-AEYxH93jGFPn/a2iVAwW87VuUIkR1FVUKB77NwMF7nBTDkDrrT/Hpt/IrCJ0QXhW27jTBDcf5ZY7w6RiqTMw2Q==}
    dev: false

  /typescript@5.3.3:
    resolution: {integrity: sha512-pXWcraxM0uxAS+tN0AG/BF2TyqmHO014Z070UsJ+pFvYuRSq8KH8DmWpnbXe0pEPDHXZV3FcAbJkijJ5oNEnWw==}
    engines: {node: '>=14.17'}
    hasBin: true
    dev: true

  /undici-types@5.26.5:
    resolution: {integrity: sha512-JlCMO+ehdEIKqlFxk6IfVoAUVmgz7cU7zD/h9XZ0qzeosSHmUJVOzSQvvYSYWXkFXC+IfLKSIffhv0sVZup6pA==}
    dev: false

  /unikey@1.0.0:
    resolution: {integrity: sha512-qKf4cKTtQCts642/amfxDlkJefUa06x+KV6OSw+UrD1j4pz/8xJdpgzi8FlkZ96hni/4teToZVphMSr7s4SYEg==}
    dev: false

  /web-vitals@4.2.4:
    resolution: {integrity: sha512-r4DIlprAGwJ7YM11VZp4R884m0Vmgr6EAKe3P+kO0PPj3Unqyvv59rczf6UiGcb9Z8QxZVcqKNwv/g0WNdWwsw==}
    dev: false

  /websocket-driver@0.7.4:
    resolution: {integrity: sha512-b17KeDIQVjvb0ssuSDF2cYXSg2iztliJ4B9WdsuB6J952qCPKmnVq4DyW5motImXHDC1cBT/1UezrJVsKw5zjg==}
    engines: {node: '>=0.8.0'}
    dependencies:
      http-parser-js: 0.5.8
      safe-buffer: 5.2.1
      websocket-extensions: 0.1.4
    dev: false

  /websocket-extensions@0.1.4:
    resolution: {integrity: sha512-OqedPIGOfsDlo31UNwYbCFMSaO9m9G/0faIHj5/dZFDMFqPTcx6UwqyOy3COEaEOg/9VsGIpdqn62W5KhoKSpg==}
    engines: {node: '>=0.8.0'}
    dev: false

  /which@2.0.2:
    resolution: {integrity: sha512-BLI3Tl1TW3Pvl70l3yq3Y64i+awpwXqsGBYWkkqMtnbXgrMD+yj7rhW0kuEDxzJaYXGjEW5ogapKNMEKNMjibA==}
    engines: {node: '>= 8'}
    hasBin: true
    dependencies:
      isexe: 2.0.0
    dev: true

  /wrap-ansi@7.0.0:
    resolution: {integrity: sha512-YVGIj2kamLSTxw6NsZjoBxfSwsn0ycdesmc4p+Q21c5zPuZ1pl+NfxVdxPtdHvmNVOQ6XSYG4AUtyt/Fi7D16Q==}
    engines: {node: '>=10'}
    dependencies:
      ansi-styles: 4.3.0
      string-width: 4.2.3
      strip-ansi: 6.0.1

  /wrap-ansi@8.1.0:
    resolution: {integrity: sha512-si7QWI6zUMq56bESFvagtmzMdGOtoxfR+Sez11Mobfc7tm+VkUckk9bW2UeffTGVUbOksxmSw0AA2gs8g71NCQ==}
    engines: {node: '>=12'}
    dependencies:
      ansi-styles: 6.2.1
      string-width: 5.1.2
      strip-ansi: 7.1.0
    dev: true

  /y18n@5.0.8:
    resolution: {integrity: sha512-0pfFzegeDWJHJIAmTLRP2DwHjdF5s7jo9tuztdQxAhINCdvS+3nGINqPd00AphqJR/0LhANUS6/+7SCb98YOfA==}
    engines: {node: '>=10'}
    dev: false

  /yargs-parser@21.1.1:
    resolution: {integrity: sha512-tVpsJW7DdjecAiFpbIB1e3qxIQsE6NoPc5/eTdrbbIC4h0LVsWhnoa3g+m2HclBIujHzsxZ4VJVA+GUuc2/LBw==}
    engines: {node: '>=12'}
    dev: false

  /yargs@17.7.2:
    resolution: {integrity: sha512-7dSzzRQ++CKnNI/krKnYRV7JKKPUXMEh61soaHKg9mrWEhzFWhFnxPxGl+69cD1Ou63C13NUPCnmIcrvqCuM6w==}
    engines: {node: '>=12'}
    dependencies:
      cliui: 8.0.1
      escalade: 3.1.1
      get-caller-file: 2.0.5
      require-directory: 2.1.1
      string-width: 4.2.3
      y18n: 5.0.8
      yargs-parser: 21.1.1
    dev: false
