lockfileVersion: '6.0'

settings:
  autoInstallPeers: true
  excludeLinksFromLockfile: false

dependencies:
  firebase:
    specifier: ^10.7.1
    version: 10.7.1
  unikey:
    specifier: ^1.0.0
    version: 1.0.0

devDependencies:
  typescript:
    specifier: ^5.3.3
    version: 5.3.3

packages:

  /@fastify/busboy@2.1.0:
    resolution: {integrity: sha512-+KpH+QxZU7O4675t3mnkQKcZZg56u+K/Ct2K+N2AZYNVK8kyeo/bI18tI8aPm3tvNNRyTWfj6s5tnGNlcbQRsA==}
    engines: {node: '>=14'}
    dev: false

  /@firebase/analytics-compat@0.2.6(@firebase/app-compat@0.2.25)(@firebase/app@0.9.25):
    resolution: {integrity: sha512-4MqpVLFkGK7NJf/5wPEEP7ePBJatwYpyjgJ+wQHQGHfzaCDgntOnl9rL2vbVGGKCnRqWtZDIWhctB86UWXaX2Q==}
    peerDependencies:
      '@firebase/app-compat': 0.x
    dependencies:
      '@firebase/analytics': 0.10.0(@firebase/app@0.9.25)
      '@firebase/analytics-types': 0.8.0
      '@firebase/app-compat': 0.2.25
      '@firebase/component': 0.6.4
      '@firebase/util': 1.9.3
      tslib: 2.6.2
    transitivePeerDependencies:
      - '@firebase/app'
    dev: false

  /@firebase/analytics-types@0.8.0:
    resolution: {integrity: sha512-iRP+QKI2+oz3UAh4nPEq14CsEjrjD6a5+fuypjScisAh9kXKFvdJOZJDwk7kikLvWVLGEs9+kIUS4LPQV7VZVw==}
    dev: false

  /@firebase/analytics@0.10.0(@firebase/app@0.9.25):
    resolution: {integrity: sha512-Locv8gAqx0e+GX/0SI3dzmBY5e9kjVDtD+3zCFLJ0tH2hJwuCAiL+5WkHuxKj92rqQj/rvkBUCfA1ewlX2hehg==}
    peerDependencies:
      '@firebase/app': 0.x
    dependencies:
      '@firebase/app': 0.9.25
      '@firebase/component': 0.6.4
      '@firebase/installations': 0.6.4(@firebase/app@0.9.25)
      '@firebase/logger': 0.4.0
      '@firebase/util': 1.9.3
      tslib: 2.6.2
    dev: false

  /@firebase/app-check-compat@0.3.8(@firebase/app-compat@0.2.25)(@firebase/app@0.9.25):
    resolution: {integrity: sha512-EaETtChR4UgMokJFw+r6jfcIyCTUZSe0a6ivF37D9MxlG9G3wzK1COyXgxoX96GzXmDPc2aubX4PxCrdVHhrnA==}
    peerDependencies:
      '@firebase/app-compat': 0.x
    dependencies:
      '@firebase/app-check': 0.8.1(@firebase/app@0.9.25)
      '@firebase/app-check-types': 0.5.0
      '@firebase/app-compat': 0.2.25
      '@firebase/component': 0.6.4
      '@firebase/logger': 0.4.0
      '@firebase/util': 1.9.3
      tslib: 2.6.2
    transitivePeerDependencies:
      - '@firebase/app'
    dev: false

  /@firebase/app-check-interop-types@0.3.0:
    resolution: {integrity: sha512-xAxHPZPIgFXnI+vb4sbBjZcde7ZluzPPaSK7Lx3/nmuVk4TjZvnL8ONnkd4ERQKL8WePQySU+pRcWkh8rDf5Sg==}
    dev: false

  /@firebase/app-check-types@0.5.0:
    resolution: {integrity: sha512-uwSUj32Mlubybw7tedRzR24RP8M8JUVR3NPiMk3/Z4bCmgEKTlQBwMXrehDAZ2wF+TsBq0SN1c6ema71U/JPyQ==}
    dev: false

  /@firebase/app-check@0.8.1(@firebase/app@0.9.25):
    resolution: {integrity: sha512-zi3vbM5tb/eGRWyiqf+1DXbxFu9Q07dnm46rweodgUpH9B8svxYkHfNwYWx7F5mjHU70SQDuaojH1We5ws9OKA==}
    peerDependencies:
      '@firebase/app': 0.x
    dependencies:
      '@firebase/app': 0.9.25
      '@firebase/component': 0.6.4
      '@firebase/logger': 0.4.0
      '@firebase/util': 1.9.3
      tslib: 2.6.2
    dev: false

  /@firebase/app-compat@0.2.25:
    resolution: {integrity: sha512-B/JtCp1FsTuzlh1tIGQpYM2AXps21/zlzpFsk5LRsROOTRhBcR2N45AyaONPFD06C0yS0Tw19foxADzHyOSC3A==}
    dependencies:
      '@firebase/app': 0.9.25
      '@firebase/component': 0.6.4
      '@firebase/logger': 0.4.0
      '@firebase/util': 1.9.3
      tslib: 2.6.2
    dev: false

  /@firebase/app-types@0.9.0:
    resolution: {integrity: sha512-AeweANOIo0Mb8GiYm3xhTEBVCmPwTYAu9Hcd2qSkLuga/6+j9b1Jskl5bpiSQWy9eJ/j5pavxj6eYogmnuzm+Q==}
    dev: false

  /@firebase/app@0.9.25:
    resolution: {integrity: sha512-fX22gL5USXhOK21Hlh3oTeOzQZ6th6S2JrjXNEpBARmwzuUkqmVGVdsOCIFYIsLpK0dQE3o8xZnLrRg5wnzZ/g==}
    dependencies:
      '@firebase/component': 0.6.4
      '@firebase/logger': 0.4.0
      '@firebase/util': 1.9.3
      idb: 7.1.1
      tslib: 2.6.2
    dev: false

  /@firebase/auth-compat@0.5.1(@firebase/app-compat@0.2.25)(@firebase/app-types@0.9.0)(@firebase/app@0.9.25):
    resolution: {integrity: sha512-rgDZnrDoekRvtzXVji8Z61wxxkof6pTkjYEkybILrjM8tGP9tx4xa9qGpF4ax3AzF+rKr7mIa9NnoXEK4UNqmQ==}
    peerDependencies:
      '@firebase/app-compat': 0.x
    dependencies:
      '@firebase/app-compat': 0.2.25
      '@firebase/auth': 1.5.1(@firebase/app@0.9.25)
      '@firebase/auth-types': 0.12.0(@firebase/app-types@0.9.0)(@firebase/util@1.9.3)
      '@firebase/component': 0.6.4
      '@firebase/util': 1.9.3
      tslib: 2.6.2
      undici: 5.26.5
    transitivePeerDependencies:
      - '@firebase/app'
      - '@firebase/app-types'
      - '@react-native-async-storage/async-storage'
    dev: false

  /@firebase/auth-interop-types@0.2.1:
    resolution: {integrity: sha512-VOaGzKp65MY6P5FI84TfYKBXEPi6LmOCSMMzys6o2BN2LOsqy7pCuZCup7NYnfbk5OkkQKzvIfHOzTm0UDpkyg==}
    dev: false

  /@firebase/auth-types@0.12.0(@firebase/app-types@0.9.0)(@firebase/util@1.9.3):
    resolution: {integrity: sha512-pPwaZt+SPOshK8xNoiQlK5XIrS97kFYc3Rc7xmy373QsOJ9MmqXxLaYssP5Kcds4wd2qK//amx/c+A8O2fVeZA==}
    peerDependencies:
      '@firebase/app-types': 0.x
      '@firebase/util': 1.x
    dependencies:
      '@firebase/app-types': 0.9.0
      '@firebase/util': 1.9.3
    dev: false

  /@firebase/auth@1.5.1(@firebase/app@0.9.25):
    resolution: {integrity: sha512-sVi7rq2YneLGJFqHa5S6nDfCHix9yuVV3RLhj/pWPlB4a36ofXal4E6PJwpeMc8uLjWEr1aovYN1jkXWNB6Avw==}
    peerDependencies:
      '@firebase/app': 0.x
      '@react-native-async-storage/async-storage': ^1.18.1
    peerDependenciesMeta:
      '@react-native-async-storage/async-storage':
        optional: true
    dependencies:
      '@firebase/app': 0.9.25
      '@firebase/component': 0.6.4
      '@firebase/logger': 0.4.0
      '@firebase/util': 1.9.3
      tslib: 2.6.2
      undici: 5.26.5
    dev: false

  /@firebase/component@0.6.4:
    resolution: {integrity: sha512-rLMyrXuO9jcAUCaQXCMjCMUsWrba5fzHlNK24xz5j2W6A/SRmK8mZJ/hn7V0fViLbxC0lPMtrK1eYzk6Fg03jA==}
    dependencies:
      '@firebase/util': 1.9.3
      tslib: 2.6.2
    dev: false

  /@firebase/database-compat@1.0.2:
    resolution: {integrity: sha512-09ryJnXDvuycsxn8aXBzLhBTuCos3HEnCOBWY6hosxfYlNCGnLvG8YMlbSAt5eNhf7/00B095AEfDsdrrLjxqA==}
    dependencies:
      '@firebase/component': 0.6.4
      '@firebase/database': 1.0.2
      '@firebase/database-types': 1.0.0
      '@firebase/logger': 0.4.0
      '@firebase/util': 1.9.3
      tslib: 2.6.2
    dev: false

  /@firebase/database-types@1.0.0:
    resolution: {integrity: sha512-SjnXStoE0Q56HcFgNQ+9SsmJc0c8TqGARdI/T44KXy+Ets3r6x/ivhQozT66bMnCEjJRywYoxNurRTMlZF8VNg==}
    dependencies:
      '@firebase/app-types': 0.9.0
      '@firebase/util': 1.9.3
    dev: false

  /@firebase/database@1.0.2:
    resolution: {integrity: sha512-8X6NBJgUQzDz0xQVaCISoOLINKat594N2eBbMR3Mu/MH/ei4WM+aAMlsNzngF22eljXu1SILP5G3evkyvsG3Ng==}
    dependencies:
      '@firebase/app-check-interop-types': 0.3.0
      '@firebase/auth-interop-types': 0.2.1
      '@firebase/component': 0.6.4
      '@firebase/logger': 0.4.0
      '@firebase/util': 1.9.3
      faye-websocket: 0.11.4
      tslib: 2.6.2
    dev: false

  /@firebase/firestore-compat@0.3.23(@firebase/app-compat@0.2.25)(@firebase/app-types@0.9.0)(@firebase/app@0.9.25):
    resolution: {integrity: sha512-uUTBiP0GLVBETaOCfB11d33OWB8x1r2G1Xrl0sRK3Va0N5LJ/GRvKVSGfM7VScj+ypeHe8RpdwKoCqLpN1e+uA==}
    peerDependencies:
      '@firebase/app-compat': 0.x
    dependencies:
      '@firebase/app-compat': 0.2.25
      '@firebase/component': 0.6.4
      '@firebase/firestore': 4.4.0(@firebase/app@0.9.25)
      '@firebase/firestore-types': 3.0.0(@firebase/app-types@0.9.0)(@firebase/util@1.9.3)
      '@firebase/util': 1.9.3
      tslib: 2.6.2
    transitivePeerDependencies:
      - '@firebase/app'
      - '@firebase/app-types'
    dev: false

  /@firebase/firestore-types@3.0.0(@firebase/app-types@0.9.0)(@firebase/util@1.9.3):
    resolution: {integrity: sha512-Meg4cIezHo9zLamw0ymFYBD4SMjLb+ZXIbuN7T7ddXN6MGoICmOTq3/ltdCGoDCS2u+H1XJs2u/cYp75jsX9Qw==}
    peerDependencies:
      '@firebase/app-types': 0.x
      '@firebase/util': 1.x
    dependencies:
      '@firebase/app-types': 0.9.0
      '@firebase/util': 1.9.3
    dev: false

  /@firebase/firestore@4.4.0(@firebase/app@0.9.25):
    resolution: {integrity: sha512-VeDXD9PUjvcWY1tInBOMTIu2pijR3YYy+QAe5cxCo1Q1vW+aA/mpQHhebPM1J6b4Zd1MuUh8xpBRvH9ujKR56A==}
    engines: {node: '>=10.10.0'}
    peerDependencies:
      '@firebase/app': 0.x
    dependencies:
      '@firebase/app': 0.9.25
      '@firebase/component': 0.6.4
      '@firebase/logger': 0.4.0
      '@firebase/util': 1.9.3
      '@firebase/webchannel-wrapper': 0.10.5
      '@grpc/grpc-js': 1.9.13
      '@grpc/proto-loader': 0.7.10
      tslib: 2.6.2
      undici: 5.26.5
    dev: false

  /@firebase/functions-compat@0.3.6(@firebase/app-compat@0.2.25)(@firebase/app@0.9.25):
    resolution: {integrity: sha512-RQpO3yuHtnkqLqExuAT2d0u3zh8SDbeBYK5EwSCBKI9mjrFeJRXBnd3pEG+x5SxGJLy56/5pQf73mwt0OuH5yg==}
    peerDependencies:
      '@firebase/app-compat': 0.x
    dependencies:
      '@firebase/app-compat': 0.2.25
      '@firebase/component': 0.6.4
      '@firebase/functions': 0.11.0(@firebase/app@0.9.25)
      '@firebase/functions-types': 0.6.0
      '@firebase/util': 1.9.3
      tslib: 2.6.2
    transitivePeerDependencies:
      - '@firebase/app'
    dev: false

  /@firebase/functions-types@0.6.0:
    resolution: {integrity: sha512-hfEw5VJtgWXIRf92ImLkgENqpL6IWpYaXVYiRkFY1jJ9+6tIhWM7IzzwbevwIIud/jaxKVdRzD7QBWfPmkwCYw==}
    dev: false

  /@firebase/functions@0.11.0(@firebase/app@0.9.25):
    resolution: {integrity: sha512-n1PZxKnJ++k73Q8khTPwihlbeKo6emnGzE0hX6QVQJsMq82y/XKmNpw2t/q30VJgwaia3ZXU1fd1C5wHncL+Zg==}
    peerDependencies:
      '@firebase/app': 0.x
    dependencies:
      '@firebase/app': 0.9.25
      '@firebase/app-check-interop-types': 0.3.0
      '@firebase/auth-interop-types': 0.2.1
      '@firebase/component': 0.6.4
      '@firebase/messaging-interop-types': 0.2.0
      '@firebase/util': 1.9.3
      tslib: 2.6.2
      undici: 5.26.5
    dev: false

  /@firebase/installations-compat@0.2.4(@firebase/app-compat@0.2.25)(@firebase/app-types@0.9.0)(@firebase/app@0.9.25):
    resolution: {integrity: sha512-LI9dYjp0aT9Njkn9U4JRrDqQ6KXeAmFbRC0E7jI7+hxl5YmRWysq5qgQl22hcWpTk+cm3es66d/apoDU/A9n6Q==}
    peerDependencies:
      '@firebase/app-compat': 0.x
    dependencies:
      '@firebase/app-compat': 0.2.25
      '@firebase/component': 0.6.4
      '@firebase/installations': 0.6.4(@firebase/app@0.9.25)
      '@firebase/installations-types': 0.5.0(@firebase/app-types@0.9.0)
      '@firebase/util': 1.9.3
      tslib: 2.6.2
    transitivePeerDependencies:
      - '@firebase/app'
      - '@firebase/app-types'
    dev: false

  /@firebase/installations-types@0.5.0(@firebase/app-types@0.9.0):
    resolution: {integrity: sha512-9DP+RGfzoI2jH7gY4SlzqvZ+hr7gYzPODrbzVD82Y12kScZ6ZpRg/i3j6rleto8vTFC8n6Len4560FnV1w2IRg==}
    peerDependencies:
      '@firebase/app-types': 0.x
    dependencies:
      '@firebase/app-types': 0.9.0
    dev: false

  /@firebase/installations@0.6.4(@firebase/app@0.9.25):
    resolution: {integrity: sha512-u5y88rtsp7NYkCHC3ElbFBrPtieUybZluXyzl7+4BsIz4sqb4vSAuwHEUgCgCeaQhvsnxDEU6icly8U9zsJigA==}
    peerDependencies:
      '@firebase/app': 0.x
    dependencies:
      '@firebase/app': 0.9.25
      '@firebase/component': 0.6.4
      '@firebase/util': 1.9.3
      idb: 7.0.1
      tslib: 2.6.2
    dev: false

  /@firebase/logger@0.4.0:
    resolution: {integrity: sha512-eRKSeykumZ5+cJPdxxJRgAC3G5NknY2GwEbKfymdnXtnT0Ucm4pspfR6GT4MUQEDuJwRVbVcSx85kgJulMoFFA==}
    dependencies:
      tslib: 2.6.2
    dev: false

  /@firebase/messaging-compat@0.2.5(@firebase/app-compat@0.2.25)(@firebase/app@0.9.25):
    resolution: {integrity: sha512-qHQZxm4hEG8/HFU/ls5/bU+rpnlPDoZoqi3ATMeb6s4hovYV9+PfV5I7ZrKV5eFFv47Hx1PWLe5uPnS4e7gMwQ==}
    peerDependencies:
      '@firebase/app-compat': 0.x
    dependencies:
      '@firebase/app-compat': 0.2.25
      '@firebase/component': 0.6.4
      '@firebase/messaging': 0.12.5(@firebase/app@0.9.25)
      '@firebase/util': 1.9.3
      tslib: 2.6.2
    transitivePeerDependencies:
      - '@firebase/app'
    dev: false

  /@firebase/messaging-interop-types@0.2.0:
    resolution: {integrity: sha512-ujA8dcRuVeBixGR9CtegfpU4YmZf3Lt7QYkcj693FFannwNuZgfAYaTmbJ40dtjB81SAu6tbFPL9YLNT15KmOQ==}
    dev: false

  /@firebase/messaging@0.12.5(@firebase/app@0.9.25):
    resolution: {integrity: sha512-i/rrEI2k9ueFhdIr8KQsptWGskrsnkC5TkohCTrJKz9P0C/PbNv14IAMkwhMJTqIur5VwuOnrUkc9Kdz7awekw==}
    peerDependencies:
      '@firebase/app': 0.x
    dependencies:
      '@firebase/app': 0.9.25
      '@firebase/component': 0.6.4
      '@firebase/installations': 0.6.4(@firebase/app@0.9.25)
      '@firebase/messaging-interop-types': 0.2.0
      '@firebase/util': 1.9.3
      idb: 7.1.1
      tslib: 2.6.2
    dev: false

  /@firebase/performance-compat@0.2.4(@firebase/app-compat@0.2.25)(@firebase/app@0.9.25):
    resolution: {integrity: sha512-nnHUb8uP9G8islzcld/k6Bg5RhX62VpbAb/Anj7IXs/hp32Eb2LqFPZK4sy3pKkBUO5wcrlRWQa6wKOxqlUqsg==}
    peerDependencies:
      '@firebase/app-compat': 0.x
    dependencies:
      '@firebase/app-compat': 0.2.25
      '@firebase/component': 0.6.4
      '@firebase/logger': 0.4.0
      '@firebase/performance': 0.6.4(@firebase/app@0.9.25)
      '@firebase/performance-types': 0.2.0
      '@firebase/util': 1.9.3
      tslib: 2.6.2
    transitivePeerDependencies:
      - '@firebase/app'
    dev: false

  /@firebase/performance-types@0.2.0:
    resolution: {integrity: sha512-kYrbr8e/CYr1KLrLYZZt2noNnf+pRwDq2KK9Au9jHrBMnb0/C9X9yWSXmZkFt4UIdsQknBq8uBB7fsybZdOBTA==}
    dev: false

  /@firebase/performance@0.6.4(@firebase/app@0.9.25):
    resolution: {integrity: sha512-HfTn/bd8mfy/61vEqaBelNiNnvAbUtME2S25A67Nb34zVuCSCRIX4SseXY6zBnOFj3oLisaEqhVcJmVPAej67g==}
    peerDependencies:
      '@firebase/app': 0.x
    dependencies:
      '@firebase/app': 0.9.25
      '@firebase/component': 0.6.4
      '@firebase/installations': 0.6.4(@firebase/app@0.9.25)
      '@firebase/logger': 0.4.0
      '@firebase/util': 1.9.3
      tslib: 2.6.2
    dev: false

  /@firebase/remote-config-compat@0.2.4(@firebase/app-compat@0.2.25)(@firebase/app@0.9.25):
    resolution: {integrity: sha512-FKiki53jZirrDFkBHglB3C07j5wBpitAaj8kLME6g8Mx+aq7u9P7qfmuSRytiOItADhWUj7O1JIv7n9q87SuwA==}
    peerDependencies:
      '@firebase/app-compat': 0.x
    dependencies:
      '@firebase/app-compat': 0.2.25
      '@firebase/component': 0.6.4
      '@firebase/logger': 0.4.0
      '@firebase/remote-config': 0.4.4(@firebase/app@0.9.25)
      '@firebase/remote-config-types': 0.3.0
      '@firebase/util': 1.9.3
      tslib: 2.6.2
    transitivePeerDependencies:
      - '@firebase/app'
    dev: false

  /@firebase/remote-config-types@0.3.0:
    resolution: {integrity: sha512-RtEH4vdcbXZuZWRZbIRmQVBNsE7VDQpet2qFvq6vwKLBIQRQR5Kh58M4ok3A3US8Sr3rubYnaGqZSurCwI8uMA==}
    dev: false

  /@firebase/remote-config@0.4.4(@firebase/app@0.9.25):
    resolution: {integrity: sha512-x1ioTHGX8ZwDSTOVp8PBLv2/wfwKzb4pxi0gFezS5GCJwbLlloUH4YYZHHS83IPxnua8b6l0IXUaWd0RgbWwzQ==}
    peerDependencies:
      '@firebase/app': 0.x
    dependencies:
      '@firebase/app': 0.9.25
      '@firebase/component': 0.6.4
      '@firebase/installations': 0.6.4(@firebase/app@0.9.25)
      '@firebase/logger': 0.4.0
      '@firebase/util': 1.9.3
      tslib: 2.6.2
    dev: false

  /@firebase/storage-compat@0.3.3(@firebase/app-compat@0.2.25)(@firebase/app-types@0.9.0)(@firebase/app@0.9.25):
    resolution: {integrity: sha512-WNtjYPhpOA1nKcRu5lIodX0wZtP8pI0VxDJnk6lr+av7QZNS1s6zvr+ERDTve+Qu4Hq/ZnNaf3kBEQR2ccXn6A==}
    peerDependencies:
      '@firebase/app-compat': 0.x
    dependencies:
      '@firebase/app-compat': 0.2.25
      '@firebase/component': 0.6.4
      '@firebase/storage': 0.12.0(@firebase/app@0.9.25)
      '@firebase/storage-types': 0.8.0(@firebase/app-types@0.9.0)(@firebase/util@1.9.3)
      '@firebase/util': 1.9.3
      tslib: 2.6.2
    transitivePeerDependencies:
      - '@firebase/app'
      - '@firebase/app-types'
    dev: false

  /@firebase/storage-types@0.8.0(@firebase/app-types@0.9.0)(@firebase/util@1.9.3):
    resolution: {integrity: sha512-isRHcGrTs9kITJC0AVehHfpraWFui39MPaU7Eo8QfWlqW7YPymBmRgjDrlOgFdURh6Cdeg07zmkLP5tzTKRSpg==}
    peerDependencies:
      '@firebase/app-types': 0.x
      '@firebase/util': 1.x
    dependencies:
      '@firebase/app-types': 0.9.0
      '@firebase/util': 1.9.3
    dev: false

  /@firebase/storage@0.12.0(@firebase/app@0.9.25):
    resolution: {integrity: sha512-SGs02Y/mmWBRsqZiYLpv4Sf7uZYZzMWVNN+aKiDqPsFBCzD6hLvGkXz+u98KAl8FqcjgB8BtSu01wm4pm76KHA==}
    peerDependencies:
      '@firebase/app': 0.x
    dependencies:
      '@firebase/app': 0.9.25
      '@firebase/component': 0.6.4
      '@firebase/util': 1.9.3
      tslib: 2.6.2
      undici: 5.26.5
    dev: false

  /@firebase/util@1.9.3:
    resolution: {integrity: sha512-DY02CRhOZwpzO36fHpuVysz6JZrscPiBXD0fXp6qSrL9oNOx5KWICKdR95C0lSITzxp0TZosVyHqzatE8JbcjA==}
    dependencies:
      tslib: 2.6.2
    dev: false

  /@firebase/webchannel-wrapper@0.10.5:
    resolution: {integrity: sha512-eSkJsnhBWv5kCTSU1tSUVl9mpFu+5NXXunZc83le8GMjMlsWwQArSc7cJJ4yl+aDFY0NGLi0AjZWMn1axOrkRg==}
    dev: false

  /@grpc/grpc-js@1.9.13:
    resolution: {integrity: sha512-OEZZu9v9AA+7/tghMDE8o5DAMD5THVnwSqDWuh7PPYO5287rTyqy0xEHT6/e4pbqSrhyLPdQFsam4TwFQVVIIw==}
    engines: {node: ^8.13.0 || >=10.10.0}
    dependencies:
      '@grpc/proto-loader': 0.7.10
      '@types/node': 20.10.4
    dev: false

  /@grpc/proto-loader@0.7.10:
    resolution: {integrity: sha512-CAqDfoaQ8ykFd9zqBDn4k6iWT9loLAlc2ETmDFS9JCD70gDcnA4L3AFEo2iV7KyAtAAHFW9ftq1Fz+Vsgq80RQ==}
    engines: {node: '>=6'}
    hasBin: true
    dependencies:
      lodash.camelcase: 4.3.0
      long: 5.2.3
      protobufjs: 7.2.5
      yargs: 17.7.2
    dev: false

  /@protobufjs/aspromise@1.1.2:
    resolution: {integrity: sha512-j+gKExEuLmKwvz3OgROXtrJ2UG2x8Ch2YZUxahh+s1F2HZ+wAceUNLkvy6zKCPVRkU++ZWQrdxsUeQXmcg4uoQ==}
    dev: false

  /@protobufjs/base64@1.1.2:
    resolution: {integrity: sha512-AZkcAA5vnN/v4PDqKyMR5lx7hZttPDgClv83E//FMNhR2TMcLUhfRUBHCmSl0oi9zMgDDqRUJkSxO3wm85+XLg==}
    dev: false

  /@protobufjs/codegen@2.0.4:
    resolution: {integrity: sha512-YyFaikqM5sH0ziFZCN3xDC7zeGaB/d0IUb9CATugHWbd1FRFwWwt4ld4OYMPWu5a3Xe01mGAULCdqhMlPl29Jg==}
    dev: false

  /@protobufjs/eventemitter@1.1.0:
    resolution: {integrity: sha512-j9ednRT81vYJ9OfVuXG6ERSTdEL1xVsNgqpkxMsbIabzSo3goCjDIveeGv5d03om39ML71RdmrGNjG5SReBP/Q==}
    dev: false

  /@protobufjs/fetch@1.1.0:
    resolution: {integrity: sha512-lljVXpqXebpsijW71PZaCYeIcE5on1w5DlQy5WH6GLbFryLUrBD4932W/E2BSpfRJWseIL4v/KPgBFxDOIdKpQ==}
    dependencies:
      '@protobufjs/aspromise': 1.1.2
      '@protobufjs/inquire': 1.1.0
    dev: false

  /@protobufjs/float@1.0.2:
    resolution: {integrity: sha512-Ddb+kVXlXst9d+R9PfTIxh1EdNkgoRe5tOX6t01f1lYWOvJnSPDBlG241QLzcyPdoNTsblLUdujGSE4RzrTZGQ==}
    dev: false

  /@protobufjs/inquire@1.1.0:
    resolution: {integrity: sha512-kdSefcPdruJiFMVSbn801t4vFK7KB/5gd2fYvrxhuJYg8ILrmn9SKSX2tZdV6V+ksulWqS7aXjBcRXl3wHoD9Q==}
    dev: false

  /@protobufjs/path@1.1.2:
    resolution: {integrity: sha512-6JOcJ5Tm08dOHAbdR3GrvP+yUUfkjG5ePsHYczMFLq3ZmMkAD98cDgcT2iA1lJ9NVwFd4tH/iSSoe44YWkltEA==}
    dev: false

  /@protobufjs/pool@1.1.0:
    resolution: {integrity: sha512-0kELaGSIDBKvcgS4zkjz1PeddatrjYcmMWOlAuAPwAeccUrPHdUqo/J6LiymHHEiJT5NrF1UVwxY14f+fy4WQw==}
    dev: false

  /@protobufjs/utf8@1.1.0:
    resolution: {integrity: sha512-Vvn3zZrhQZkkBE8LSuW3em98c0FwgO4nxzv6OdSxPKJIEKY2bGbHn+mhGIPerzI4twdxaP8/0+06HBpwf345Lw==}
    dev: false

  /@types/node@20.10.4:
    resolution: {integrity: sha512-D08YG6rr8X90YB56tSIuBaddy/UXAA9RKJoFvrsnogAum/0pmjkgi4+2nx96A330FmioegBWmEYQ+syqCFaveg==}
    dependencies:
      undici-types: 5.26.5
    dev: false

  /ansi-regex@5.0.1:
    resolution: {integrity: sha512-quJQXlTSUGL2LH9SUXo8VwsY4soanhgo6LNSm84E1LBcE8s3O0wpdiRzyR9z/ZZJMlMWv37qOOb9pdJlMUEKFQ==}
    engines: {node: '>=8'}
    dev: false

  /ansi-styles@4.3.0:
    resolution: {integrity: sha512-zbB9rCJAT1rbjiVDb2hqKFHNYLxgtk8NURxZ3IZwD3F6NtxbXZQCnnSi1Lkx+IDohdPlFp222wVALIheZJQSEg==}
    engines: {node: '>=8'}
    dependencies:
      color-convert: 2.0.1
    dev: false

  /cliui@8.0.1:
    resolution: {integrity: sha512-BSeNnyus75C4//NQ9gQt1/csTXyo/8Sb+afLAkzAptFuMsod9HFokGNudZpi/oQV73hnVK+sR+5PVRMd+Dr7YQ==}
    engines: {node: '>=12'}
    dependencies:
      string-width: 4.2.3
      strip-ansi: 6.0.1
      wrap-ansi: 7.0.0
    dev: false

  /color-convert@2.0.1:
    resolution: {integrity: sha512-RRECPsj7iu/xb5oKYcsFHSppFNnsj/52OVTRKb4zP5onXwVF3zVmmToNcOfGC+CRDpfK/U584fMg38ZHCaElKQ==}
    engines: {node: '>=7.0.0'}
    dependencies:
      color-name: 1.1.4
    dev: false

  /color-name@1.1.4:
    resolution: {integrity: sha512-dOy+3AuW3a2wNbZHIuMZpTcgjGuLU/uBL/ubcZF9OXbDo8ff4O8yVp5Bf0efS8uEoYo5q4Fx7dY9OgQGXgAsQA==}
    dev: false

  /emoji-regex@8.0.0:
    resolution: {integrity: sha512-MSjYzcWNOA0ewAHpz0MxpYFvwg6yjy1NG3xteoqz644VCo/RPgnr1/GGt+ic3iJTzQ8Eu3TdM14SawnVUmGE6A==}
    dev: false

  /escalade@3.1.1:
    resolution: {integrity: sha512-k0er2gUkLf8O0zKJiAhmkTnJlTvINGv7ygDNPbeIsX/TJjGJZHuh9B2UxbsaEkmlEo9MfhrSzmhIlhRlI2GXnw==}
    engines: {node: '>=6'}
    dev: false

  /faye-websocket@0.11.4:
    resolution: {integrity: sha512-CzbClwlXAuiRQAlUyfqPgvPoNKTckTPGfwZV4ZdAhVcP2lh9KUxJg2b5GkE7XbjKQ3YJnQ9z6D9ntLAlB+tP8g==}
    engines: {node: '>=0.8.0'}
    dependencies:
      websocket-driver: 0.7.4
    dev: false

  /firebase@10.7.1:
    resolution: {integrity: sha512-Mlt7y7zQ43FtKp4SCyYie3tnrOL3UMF2XXiV4ZXMrC0d0wtcOYmABuybhkJpJCKILpdekxr39wjnaai0DZlWFg==}
    dependencies:
      '@firebase/analytics': 0.10.0(@firebase/app@0.9.25)
      '@firebase/analytics-compat': 0.2.6(@firebase/app-compat@0.2.25)(@firebase/app@0.9.25)
      '@firebase/app': 0.9.25
      '@firebase/app-check': 0.8.1(@firebase/app@0.9.25)
      '@firebase/app-check-compat': 0.3.8(@firebase/app-compat@0.2.25)(@firebase/app@0.9.25)
      '@firebase/app-compat': 0.2.25
      '@firebase/app-types': 0.9.0
      '@firebase/auth': 1.5.1(@firebase/app@0.9.25)
      '@firebase/auth-compat': 0.5.1(@firebase/app-compat@0.2.25)(@firebase/app-types@0.9.0)(@firebase/app@0.9.25)
      '@firebase/database': 1.0.2
      '@firebase/database-compat': 1.0.2
      '@firebase/firestore': 4.4.0(@firebase/app@0.9.25)
      '@firebase/firestore-compat': 0.3.23(@firebase/app-compat@0.2.25)(@firebase/app-types@0.9.0)(@firebase/app@0.9.25)
      '@firebase/functions': 0.11.0(@firebase/app@0.9.25)
      '@firebase/functions-compat': 0.3.6(@firebase/app-compat@0.2.25)(@firebase/app@0.9.25)
      '@firebase/installations': 0.6.4(@firebase/app@0.9.25)
      '@firebase/installations-compat': 0.2.4(@firebase/app-compat@0.2.25)(@firebase/app-types@0.9.0)(@firebase/app@0.9.25)
      '@firebase/messaging': 0.12.5(@firebase/app@0.9.25)
      '@firebase/messaging-compat': 0.2.5(@firebase/app-compat@0.2.25)(@firebase/app@0.9.25)
      '@firebase/performance': 0.6.4(@firebase/app@0.9.25)
      '@firebase/performance-compat': 0.2.4(@firebase/app-compat@0.2.25)(@firebase/app@0.9.25)
      '@firebase/remote-config': 0.4.4(@firebase/app@0.9.25)
      '@firebase/remote-config-compat': 0.2.4(@firebase/app-compat@0.2.25)(@firebase/app@0.9.25)
      '@firebase/storage': 0.12.0(@firebase/app@0.9.25)
      '@firebase/storage-compat': 0.3.3(@firebase/app-compat@0.2.25)(@firebase/app-types@0.9.0)(@firebase/app@0.9.25)
      '@firebase/util': 1.9.3
    transitivePeerDependencies:
      - '@react-native-async-storage/async-storage'
    dev: false

  /get-caller-file@2.0.5:
    resolution: {integrity: sha512-DyFP3BM/3YHTQOCUL/w0OZHR0lpKeGrxotcHWcqNEdnltqFwXVfhEBQ94eIo34AfQpo0rGki4cyIiftY06h2Fg==}
    engines: {node: 6.* || 8.* || >= 10.*}
    dev: false

  /http-parser-js@0.5.8:
    resolution: {integrity: sha512-SGeBX54F94Wgu5RH3X5jsDtf4eHyRogWX1XGT3b4HuW3tQPM4AaBzoUji/4AAJNXCEOWZ5O0DgZmJw1947gD5Q==}
    dev: false

  /idb@7.0.1:
    resolution: {integrity: sha512-UUxlE7vGWK5RfB/fDwEGgRf84DY/ieqNha6msMV99UsEMQhJ1RwbCd8AYBj3QMgnE3VZnfQvm4oKVCJTYlqIgg==}
    dev: false

  /idb@7.1.1:
    resolution: {integrity: sha512-gchesWBzyvGHRO9W8tzUWFDycow5gwjvFKfyV9FF32Y7F50yZMp7mP+T2mJIWFx49zicqyC4uefHM17o6xKIVQ==}
    dev: false

  /is-fullwidth-code-point@3.0.0:
    resolution: {integrity: sha512-zymm5+u+sCsSWyD9qNaejV3DFvhCKclKdizYaJUuHA83RLjb7nSuGnddCHGv0hk+KY7BMAlsWeK4Ueg6EV6XQg==}
    engines: {node: '>=8'}
    dev: false

  /lodash.camelcase@4.3.0:
    resolution: {integrity: sha512-TwuEnCnxbc3rAvhf/LbG7tJUDzhqXyFnv3dtzLOPgCG/hODL7WFnsbwktkD7yUV0RrreP/l1PALq/YSg6VvjlA==}
    dev: false

  /long@5.2.3:
    resolution: {integrity: sha512-lcHwpNoggQTObv5apGNCTdJrO69eHOZMi4BNC+rTLER8iHAqGrUVeLh/irVIM7zTw2bOXA8T6uNPeujwOLg/2Q==}
    dev: false

  /protobufjs@7.2.5:
    resolution: {integrity: sha512-gGXRSXvxQ7UiPgfw8gevrfRWcTlSbOFg+p/N+JVJEK5VhueL2miT6qTymqAmjr1Q5WbOCyJbyrk6JfWKwlFn6A==}
    engines: {node: '>=12.0.0'}
    requiresBuild: true
    dependencies:
      '@protobufjs/aspromise': 1.1.2
      '@protobufjs/base64': 1.1.2
      '@protobufjs/codegen': 2.0.4
      '@protobufjs/eventemitter': 1.1.0
      '@protobufjs/fetch': 1.1.0
      '@protobufjs/float': 1.0.2
      '@protobufjs/inquire': 1.1.0
      '@protobufjs/path': 1.1.2
      '@protobufjs/pool': 1.1.0
      '@protobufjs/utf8': 1.1.0
      '@types/node': 20.10.4
      long: 5.2.3
    dev: false

  /require-directory@2.1.1:
    resolution: {integrity: sha512-fGxEI7+wsG9xrvdjsrlmL22OMTTiHRwAMroiEeMgq8gzoLC/PQr7RsRDSTLUg/bZAZtF+TVIkHc6/4RIKrui+Q==}
    engines: {node: '>=0.10.0'}
    dev: false

  /safe-buffer@5.2.1:
    resolution: {integrity: sha512-rp3So07KcdmmKbGvgaNxQSJr7bGVSVk5S9Eq1F+ppbRo70+YeaDxkw5Dd8NPN+GD6bjnYm2VuPuCXmpuYvmCXQ==}
    dev: false

  /string-width@4.2.3:
    resolution: {integrity: sha512-wKyQRQpjJ0sIp62ErSZdGsjMJWsap5oRNihHhu6G7JVO/9jIB6UyevL+tXuOqrng8j/cxKTWyWUwvSTriiZz/g==}
    engines: {node: '>=8'}
    dependencies:
      emoji-regex: 8.0.0
      is-fullwidth-code-point: 3.0.0
      strip-ansi: 6.0.1
    dev: false

  /strip-ansi@6.0.1:
    resolution: {integrity: sha512-Y38VPSHcqkFrCpFnQ9vuSXmquuv5oXOKpGeT6aGrr3o3Gc9AlVa6JBfUSOCnbxGGZF+/0ooI7KrPuUSztUdU5A==}
    engines: {node: '>=8'}
    dependencies:
      ansi-regex: 5.0.1
    dev: false

  /tslib@2.6.2:
    resolution: {integrity: sha512-AEYxH93jGFPn/a2iVAwW87VuUIkR1FVUKB77NwMF7nBTDkDrrT/Hpt/IrCJ0QXhW27jTBDcf5ZY7w6RiqTMw2Q==}
    dev: false

  /typescript@5.3.3:
    resolution: {integrity: sha512-pXWcraxM0uxAS+tN0AG/BF2TyqmHO014Z070UsJ+pFvYuRSq8KH8DmWpnbXe0pEPDHXZV3FcAbJkijJ5oNEnWw==}
    engines: {node: '>=14.17'}
    hasBin: true
    dev: true

  /undici-types@5.26.5:
    resolution: {integrity: sha512-JlCMO+ehdEIKqlFxk6IfVoAUVmgz7cU7zD/h9XZ0qzeosSHmUJVOzSQvvYSYWXkFXC+IfLKSIffhv0sVZup6pA==}
    dev: false

  /undici@5.26.5:
    resolution: {integrity: sha512-cSb4bPFd5qgR7qr2jYAi0hlX9n5YKK2ONKkLFkxl+v/9BvC0sOpZjBHDBSXc5lWAf5ty9oZdRXytBIHzgUcerw==}
    engines: {node: '>=14.0'}
    dependencies:
      '@fastify/busboy': 2.1.0
    dev: false

  /unikey@1.0.0:
    resolution: {integrity: sha512-qKf4cKTtQCts642/amfxDlkJefUa06x+KV6OSw+UrD1j4pz/8xJdpgzi8FlkZ96hni/4teToZVphMSr7s4SYEg==}
    dev: false

  /websocket-driver@0.7.4:
    resolution: {integrity: sha512-b17KeDIQVjvb0ssuSDF2cYXSg2iztliJ4B9WdsuB6J952qCPKmnVq4DyW5motImXHDC1cBT/1UezrJVsKw5zjg==}
    engines: {node: '>=0.8.0'}
    dependencies:
      http-parser-js: 0.5.8
      safe-buffer: 5.2.1
      websocket-extensions: 0.1.4
    dev: false

  /websocket-extensions@0.1.4:
    resolution: {integrity: sha512-OqedPIGOfsDlo31UNwYbCFMSaO9m9G/0faIHj5/dZFDMFqPTcx6UwqyOy3COEaEOg/9VsGIpdqn62W5KhoKSpg==}
    engines: {node: '>=0.8.0'}
    dev: false

  /wrap-ansi@7.0.0:
    resolution: {integrity: sha512-YVGIj2kamLSTxw6NsZjoBxfSwsn0ycdesmc4p+Q21c5zPuZ1pl+NfxVdxPtdHvmNVOQ6XSYG4AUtyt/Fi7D16Q==}
    engines: {node: '>=10'}
    dependencies:
      ansi-styles: 4.3.0
      string-width: 4.2.3
      strip-ansi: 6.0.1
    dev: false

  /y18n@5.0.8:
    resolution: {integrity: sha512-0pfFzegeDWJHJIAmTLRP2DwHjdF5s7jo9tuztdQxAhINCdvS+3nGINqPd00AphqJR/0LhANUS6/+7SCb98YOfA==}
    engines: {node: '>=10'}
    dev: false

  /yargs-parser@21.1.1:
    resolution: {integrity: sha512-tVpsJW7DdjecAiFpbIB1e3qxIQsE6NoPc5/eTdrbbIC4h0LVsWhnoa3g+m2HclBIujHzsxZ4VJVA+GUuc2/LBw==}
    engines: {node: '>=12'}
    dev: false

  /yargs@17.7.2:
    resolution: {integrity: sha512-7dSzzRQ++CKnNI/krKnYRV7JKKPUXMEh61soaHKg9mrWEhzFWhFnxPxGl+69cD1Ou63C13NUPCnmIcrvqCuM6w==}
    engines: {node: '>=12'}
    dependencies:
      cliui: 8.0.1
      escalade: 3.1.1
      get-caller-file: 2.0.5
      require-directory: 2.1.1
      string-width: 4.2.3
      y18n: 5.0.8
      yargs-parser: 21.1.1
    dev: false
